
Microsoft Visual Studio Solution File, Format Version 12.00
# Visual Studio Version 16
VisualStudioVersion = 16.0.32106.194
MinimumVisualStudioVersion = 10.0.40219.1
Project("{FAE04EC0-301F-11D3-BF4B-00C04F79EFBC}") = "DBOT", "DBOT\DBOT.csproj", "{A80F2D7B-B20D-4895-9575-4F70E7175CF0}"
EndProject
Global
	GlobalSection(SolutionConfigurationPlatforms) = preSolution
		Debug|Any CPU = Debug|Any CPU
		Release|Any CPU = Release|Any CPU
	EndGlobalSection
	GlobalSection(ProjectConfigurationPlatforms) = postSolution
		{A80F2D7B-B20D-4895-9575-4F70E7175CF0}.Debug|Any CPU.ActiveCfg = Debug|Any CPU
		{A80F2D7B-B20D-4895-9575-4F70E7175CF0}.Debug|Any CPU.Build.0 = Debug|Any CPU
		{A80F2D7B-B20D-4895-9575-4F70E7175CF0}.Release|Any CPU.ActiveCfg = Release|Any CPU
		{A80F2D7B-B20D-4895-9575-4F70E7175CF0}.Release|Any CPU.Build.0 = Release|Any CPU
	EndGlobalSection
	GlobalSection(SolutionProperties) = preSolution
		HideSolutionNode = FALSE
	EndGlobalSection
	GlobalSection(ExtensibilityGlobals) = postSolution
		SolutionGuid = {848EEA0E-C818-4D8F-81AE-19396DE02D45}
	EndGlobalSection
EndGlobal
